
Microsoft Visual Studio Solution File, Format Version 12.00
Project("{FAE04EC0-301F-11D3-BF4B-00C04F79EFBC}") = "AkamaiPowSolverTests", "AkamaiPowSolverTests\AkamaiPowSolverTests.csproj", "{BF5C3F18-6809-493B-840F-50628EA469F2}"
EndProject
Project("{FAE04EC0-301F-11D3-BF4B-00C04F79EFBC}") = "SecCptSolver", "SecCptSolver\SecCptSolver.csproj", "{96D33937-A65F-43FB-B450-DE829D3E282E}"
EndProject
Global
	GlobalSection(SolutionConfigurationPlatforms) = preSolution
		Debug|Any CPU = Debug|Any CPU
		Release|Any CPU = Release|Any CPU
	EndGlobalSection
	GlobalSection(ProjectConfigurationPlatforms) = postSolution
		{BF5C3F18-6809-493B-840F-50628EA469F2}.Debug|Any CPU.ActiveCfg = Debug|Any CPU
		{BF5C3F18-6809-493B-840F-50628EA469F2}.Debug|Any CPU.Build.0 = Debug|Any CPU
		{BF5C3F18-6809-493B-840F-50628EA469F2}.Release|Any CPU.ActiveCfg = Release|Any CPU
		{BF5C3F18-6809-493B-840F-50628EA469F2}.Release|Any CPU.Build.0 = Release|Any CPU
		{96D33937-A65F-43FB-B450-DE829D3E282E}.Debug|Any CPU.ActiveCfg = Debug|Any CPU
		{96D33937-A65F-43FB-B450-DE829D3E282E}.Debug|Any CPU.Build.0 = Debug|Any CPU
		{96D33937-A65F-43FB-B450-DE829D3E282E}.Release|Any CPU.ActiveCfg = Release|Any CPU
		{96D33937-A65F-43FB-B450-DE829D3E282E}.Release|Any CPU.Build.0 = Release|Any CPU
	EndGlobalSection
EndGlobal
